
Microsoft Visual Studio Solution File, Format Version 12.00
# Visual Studio 15
VisualStudioVersion = 15.0.26124.0
MinimumVisualStudioVersion = 15.0.26124.0
Project("{F2A71F9B-5D33-465A-A702-920D77279786}") = "DigitsRecognizer", "DigitsRecognizer\DigitsRecognizer.fsproj", "{477C50DF-766B-41BB-A572-018553CB04F5}"
EndProject
Project("{F2A71F9B-5D33-465A-A702-920D77279786}") = "BasicGame", "BasicGame\BasicGame.fsproj", "{9E7DAFDF-A3E7-4355-8B10-F7371A601F3E}"
EndProject
Project("{F2A71F9B-5D33-465A-A702-920D77279786}") = "BasicGameV2", "BasicGameV2\BasicGameV2.fsproj", "{CDACB931-6E99-4AEF-AF39-D7D1629C1B31}"
EndProject
Project("{F2A71F9B-5D33-465A-A702-920D77279786}") = "DataExploration", "DataExploration\DataExploration.fsproj", "{292A988A-F4B4-42A0-A770-FE638284F8CA}"
EndProject
Project("{F2A71F9B-5D33-465A-A702-920D77279786}") = "Digits-Revisited", "Digits-Revisited\Digits-Revisited.fsproj", "{85EB6AE3-55B2-45E7-953C-58415586052C}"
EndProject
Project("{F2A71F9B-5D33-465A-A702-920D77279786}") = "Regression", "Regression\Regression.fsproj", "{E9E3C985-256B-477E-8E0F-20545251939C}"
EndProject
Project("{F2A71F9B-5D33-465A-A702-920D77279786}") = "SpamOrHam", "SpamOrHam\SpamOrHam.fsproj", "{CE02A2E4-D79A-4F0E-A289-98BD514C5A2B}"
EndProject
Project("{F2A71F9B-5D33-465A-A702-920D77279786}") = "Titanic", "Titanic\Titanic.fsproj", "{BCF1BEE5-E640-4963-9224-8EF42F844C26}"
EndProject
Project("{F2A71F9B-5D33-465A-A702-920D77279786}") = "Unsupervised", "Unsupervised\Unsupervised.fsproj", "{4DAB7996-C686-4867-A5DD-634060AF229C}"
EndProject
Global
	GlobalSection(SolutionConfigurationPlatforms) = preSolution
		Debug|Any CPU = Debug|Any CPU
		Debug|x64 = Debug|x64
		Debug|x86 = Debug|x86
		Release|Any CPU = Release|Any CPU
		Release|x64 = Release|x64
		Release|x86 = Release|x86
	EndGlobalSection
	GlobalSection(SolutionProperties) = preSolution
		HideSolutionNode = FALSE
	EndGlobalSection
	GlobalSection(ProjectConfigurationPlatforms) = postSolution
		{477C50DF-766B-41BB-A572-018553CB04F5}.Debug|Any CPU.ActiveCfg = Debug|Any CPU
		{477C50DF-766B-41BB-A572-018553CB04F5}.Debug|Any CPU.Build.0 = Debug|Any CPU
		{477C50DF-766B-41BB-A572-018553CB04F5}.Debug|x64.ActiveCfg = Debug|Any CPU
		{477C50DF-766B-41BB-A572-018553CB04F5}.Debug|x64.Build.0 = Debug|Any CPU
		{477C50DF-766B-41BB-A572-018553CB04F5}.Debug|x86.ActiveCfg = Debug|Any CPU
		{477C50DF-766B-41BB-A572-018553CB04F5}.Debug|x86.Build.0 = Debug|Any CPU
		{477C50DF-766B-41BB-A572-018553CB04F5}.Release|Any CPU.ActiveCfg = Release|Any CPU
		{477C50DF-766B-41BB-A572-018553CB04F5}.Release|Any CPU.Build.0 = Release|Any CPU
		{477C50DF-766B-41BB-A572-018553CB04F5}.Release|x64.ActiveCfg = Release|Any CPU
		{477C50DF-766B-41BB-A572-018553CB04F5}.Release|x64.Build.0 = Release|Any CPU
		{477C50DF-766B-41BB-A572-018553CB04F5}.Release|x86.ActiveCfg = Release|Any CPU
		{477C50DF-766B-41BB-A572-018553CB04F5}.Release|x86.Build.0 = Release|Any CPU
		{9E7DAFDF-A3E7-4355-8B10-F7371A601F3E}.Debug|Any CPU.ActiveCfg = Debug|Any CPU
		{9E7DAFDF-A3E7-4355-8B10-F7371A601F3E}.Debug|Any CPU.Build.0 = Debug|Any CPU
		{9E7DAFDF-A3E7-4355-8B10-F7371A601F3E}.Debug|x64.ActiveCfg = Debug|Any CPU
		{9E7DAFDF-A3E7-4355-8B10-F7371A601F3E}.Debug|x64.Build.0 = Debug|Any CPU
		{9E7DAFDF-A3E7-4355-8B10-F7371A601F3E}.Debug|x86.ActiveCfg = Debug|Any CPU
		{9E7DAFDF-A3E7-4355-8B10-F7371A601F3E}.Debug|x86.Build.0 = Debug|Any CPU
		{9E7DAFDF-A3E7-4355-8B10-F7371A601F3E}.Release|Any CPU.ActiveCfg = Release|Any CPU
		{9E7DAFDF-A3E7-4355-8B10-F7371A601F3E}.Release|Any CPU.Build.0 = Release|Any CPU
		{9E7DAFDF-A3E7-4355-8B10-F7371A601F3E}.Release|x64.ActiveCfg = Release|Any CPU
		{9E7DAFDF-A3E7-4355-8B10-F7371A601F3E}.Release|x64.Build.0 = Release|Any CPU
		{9E7DAFDF-A3E7-4355-8B10-F7371A601F3E}.Release|x86.ActiveCfg = Release|Any CPU
		{9E7DAFDF-A3E7-4355-8B10-F7371A601F3E}.Release|x86.Build.0 = Release|Any CPU
		{CDACB931-6E99-4AEF-AF39-D7D1629C1B31}.Debug|Any CPU.ActiveCfg = Debug|Any CPU
		{CDACB931-6E99-4AEF-AF39-D7D1629C1B31}.Debug|Any CPU.Build.0 = Debug|Any CPU
		{CDACB931-6E99-4AEF-AF39-D7D1629C1B31}.Debug|x64.ActiveCfg = Debug|Any CPU
		{CDACB931-6E99-4AEF-AF39-D7D1629C1B31}.Debug|x64.Build.0 = Debug|Any CPU
		{CDACB931-6E99-4AEF-AF39-D7D1629C1B31}.Debug|x86.ActiveCfg = Debug|Any CPU
		{CDACB931-6E99-4AEF-AF39-D7D1629C1B31}.Debug|x86.Build.0 = Debug|Any CPU
		{CDACB931-6E99-4AEF-AF39-D7D1629C1B31}.Release|Any CPU.ActiveCfg = Release|Any CPU
		{CDACB931-6E99-4AEF-AF39-D7D1629C1B31}.Release|Any CPU.Build.0 = Release|Any CPU
		{CDACB931-6E99-4AEF-AF39-D7D1629C1B31}.Release|x64.ActiveCfg = Release|Any CPU
		{CDACB931-6E99-4AEF-AF39-D7D1629C1B31}.Release|x64.Build.0 = Release|Any CPU
		{CDACB931-6E99-4AEF-AF39-D7D1629C1B31}.Release|x86.ActiveCfg = Release|Any CPU
		{CDACB931-6E99-4AEF-AF39-D7D1629C1B31}.Release|x86.Build.0 = Release|Any CPU
		{292A988A-F4B4-42A0-A770-FE638284F8CA}.Debug|Any CPU.ActiveCfg = Debug|Any CPU
		{292A988A-F4B4-42A0-A770-FE638284F8CA}.Debug|Any CPU.Build.0 = Debug|Any CPU
		{292A988A-F4B4-42A0-A770-FE638284F8CA}.Debug|x64.ActiveCfg = Debug|Any CPU
		{292A988A-F4B4-42A0-A770-FE638284F8CA}.Debug|x64.Build.0 = Debug|Any CPU
		{292A988A-F4B4-42A0-A770-FE638284F8CA}.Debug|x86.ActiveCfg = Debug|Any CPU
		{292A988A-F4B4-42A0-A770-FE638284F8CA}.Debug|x86.Build.0 = Debug|Any CPU
		{292A988A-F4B4-42A0-A770-FE638284F8CA}.Release|Any CPU.ActiveCfg = Release|Any CPU
		{292A988A-F4B4-42A0-A770-FE638284F8CA}.Release|Any CPU.Build.0 = Release|Any CPU
		{292A988A-F4B4-42A0-A770-FE638284F8CA}.Release|x64.ActiveCfg = Release|Any CPU
		{292A988A-F4B4-42A0-A770-FE638284F8CA}.Release|x64.Build.0 = Release|Any CPU
		{292A988A-F4B4-42A0-A770-FE638284F8CA}.Release|x86.ActiveCfg = Release|Any CPU
		{292A988A-F4B4-42A0-A770-FE638284F8CA}.Release|x86.Build.0 = Release|Any CPU
		{85EB6AE3-55B2-45E7-953C-58415586052C}.Debug|Any CPU.ActiveCfg = Debug|Any CPU
		{85EB6AE3-55B2-45E7-953C-58415586052C}.Debug|Any CPU.Build.0 = Debug|Any CPU
		{85EB6AE3-55B2-45E7-953C-58415586052C}.Debug|x64.ActiveCfg = Debug|Any CPU
		{85EB6AE3-55B2-45E7-953C-58415586052C}.Debug|x64.Build.0 = Debug|Any CPU
		{85EB6AE3-55B2-45E7-953C-58415586052C}.Debug|x86.ActiveCfg = Debug|Any CPU
		{85EB6AE3-55B2-45E7-953C-58415586052C}.Debug|x86.Build.0 = Debug|Any CPU
		{85EB6AE3-55B2-45E7-953C-58415586052C}.Release|Any CPU.ActiveCfg = Release|Any CPU
		{85EB6AE3-55B2-45E7-953C-58415586052C}.Release|Any CPU.Build.0 = Release|Any CPU
		{85EB6AE3-55B2-45E7-953C-58415586052C}.Release|x64.ActiveCfg = Release|Any CPU
		{85EB6AE3-55B2-45E7-953C-58415586052C}.Release|x64.Build.0 = Release|Any CPU
		{85EB6AE3-55B2-45E7-953C-58415586052C}.Release|x86.ActiveCfg = Release|Any CPU
		{85EB6AE3-55B2-45E7-953C-58415586052C}.Release|x86.Build.0 = Release|Any CPU
		{E9E3C985-256B-477E-8E0F-20545251939C}.Debug|Any CPU.ActiveCfg = Debug|Any CPU
		{E9E3C985-256B-477E-8E0F-20545251939C}.Debug|Any CPU.Build.0 = Debug|Any CPU
		{E9E3C985-256B-477E-8E0F-20545251939C}.Debug|x64.ActiveCfg = Debug|Any CPU
		{E9E3C985-256B-477E-8E0F-20545251939C}.Debug|x64.Build.0 = Debug|Any CPU
		{E9E3C985-256B-477E-8E0F-20545251939C}.Debug|x86.ActiveCfg = Debug|Any CPU
		{E9E3C985-256B-477E-8E0F-20545251939C}.Debug|x86.Build.0 = Debug|Any CPU
		{E9E3C985-256B-477E-8E0F-20545251939C}.Release|Any CPU.ActiveCfg = Release|Any CPU
		{E9E3C985-256B-477E-8E0F-20545251939C}.Release|Any CPU.Build.0 = Release|Any CPU
		{E9E3C985-256B-477E-8E0F-20545251939C}.Release|x64.ActiveCfg = Release|Any CPU
		{E9E3C985-256B-477E-8E0F-20545251939C}.Release|x64.Build.0 = Release|Any CPU
		{E9E3C985-256B-477E-8E0F-20545251939C}.Release|x86.ActiveCfg = Release|Any CPU
		{E9E3C985-256B-477E-8E0F-20545251939C}.Release|x86.Build.0 = Release|Any CPU
		{CE02A2E4-D79A-4F0E-A289-98BD514C5A2B}.Debug|Any CPU.ActiveCfg = Debug|Any CPU
		{CE02A2E4-D79A-4F0E-A289-98BD514C5A2B}.Debug|Any CPU.Build.0 = Debug|Any CPU
		{CE02A2E4-D79A-4F0E-A289-98BD514C5A2B}.Debug|x64.ActiveCfg = Debug|Any CPU
		{CE02A2E4-D79A-4F0E-A289-98BD514C5A2B}.Debug|x64.Build.0 = Debug|Any CPU
		{CE02A2E4-D79A-4F0E-A289-98BD514C5A2B}.Debug|x86.ActiveCfg = Debug|Any CPU
		{CE02A2E4-D79A-4F0E-A289-98BD514C5A2B}.Debug|x86.Build.0 = Debug|Any CPU
		{CE02A2E4-D79A-4F0E-A289-98BD514C5A2B}.Release|Any CPU.ActiveCfg = Release|Any CPU
		{CE02A2E4-D79A-4F0E-A289-98BD514C5A2B}.Release|Any CPU.Build.0 = Release|Any CPU
		{CE02A2E4-D79A-4F0E-A289-98BD514C5A2B}.Release|x64.ActiveCfg = Release|Any CPU
		{CE02A2E4-D79A-4F0E-A289-98BD514C5A2B}.Release|x64.Build.0 = Release|Any CPU
		{CE02A2E4-D79A-4F0E-A289-98BD514C5A2B}.Release|x86.ActiveCfg = Release|Any CPU
		{CE02A2E4-D79A-4F0E-A289-98BD514C5A2B}.Release|x86.Build.0 = Release|Any CPU
		{BCF1BEE5-E640-4963-9224-8EF42F844C26}.Debug|Any CPU.ActiveCfg = Debug|Any CPU
		{BCF1BEE5-E640-4963-9224-8EF42F844C26}.Debug|Any CPU.Build.0 = Debug|Any CPU
		{BCF1BEE5-E640-4963-9224-8EF42F844C26}.Debug|x64.ActiveCfg = Debug|Any CPU
		{BCF1BEE5-E640-4963-9224-8EF42F844C26}.Debug|x64.Build.0 = Debug|Any CPU
		{BCF1BEE5-E640-4963-9224-8EF42F844C26}.Debug|x86.ActiveCfg = Debug|Any CPU
		{BCF1BEE5-E640-4963-9224-8EF42F844C26}.Debug|x86.Build.0 = Debug|Any CPU
		{BCF1BEE5-E640-4963-9224-8EF42F844C26}.Release|Any CPU.ActiveCfg = Release|Any CPU
		{BCF1BEE5-E640-4963-9224-8EF42F844C26}.Release|Any CPU.Build.0 = Release|Any CPU
		{BCF1BEE5-E640-4963-9224-8EF42F844C26}.Release|x64.ActiveCfg = Release|Any CPU
		{BCF1BEE5-E640-4963-9224-8EF42F844C26}.Release|x64.Build.0 = Release|Any CPU
		{BCF1BEE5-E640-4963-9224-8EF42F844C26}.Release|x86.ActiveCfg = Release|Any CPU
		{BCF1BEE5-E640-4963-9224-8EF42F844C26}.Release|x86.Build.0 = Release|Any CPU
		{4DAB7996-C686-4867-A5DD-634060AF229C}.Debug|Any CPU.ActiveCfg = Debug|Any CPU
		{4DAB7996-C686-4867-A5DD-634060AF229C}.Debug|Any CPU.Build.0 = Debug|Any CPU
		{4DAB7996-C686-4867-A5DD-634060AF229C}.Debug|x64.ActiveCfg = Debug|Any CPU
		{4DAB7996-C686-4867-A5DD-634060AF229C}.Debug|x64.Build.0 = Debug|Any CPU
		{4DAB7996-C686-4867-A5DD-634060AF229C}.Debug|x86.ActiveCfg = Debug|Any CPU
		{4DAB7996-C686-4867-A5DD-634060AF229C}.Debug|x86.Build.0 = Debug|Any CPU
		{4DAB7996-C686-4867-A5DD-634060AF229C}.Release|Any CPU.ActiveCfg = Release|Any CPU
		{4DAB7996-C686-4867-A5DD-634060AF229C}.Release|Any CPU.Build.0 = Release|Any CPU
		{4DAB7996-C686-4867-A5DD-634060AF229C}.Release|x64.ActiveCfg = Release|Any CPU
		{4DAB7996-C686-4867-A5DD-634060AF229C}.Release|x64.Build.0 = Release|Any CPU
		{4DAB7996-C686-4867-A5DD-634060AF229C}.Release|x86.ActiveCfg = Release|Any CPU
		{4DAB7996-C686-4867-A5DD-634060AF229C}.Release|x86.Build.0 = Release|Any CPU
	EndGlobalSection
EndGlobal
